
Microsoft Visual Studio Solution File, Format Version 12.00
# Visual Studio 14
VisualStudioVersion = 14.0.25420.1
MinimumVisualStudioVersion = 10.0.40219.1
Project("{FAE04EC0-301F-11D3-BF4B-00C04F79EFBC}") = "BusinessEntities", "BusinessEntities\BusinessEntities.csproj", "{A35C761C-532C-41CC-9473-F5CE6BFAC29E}"
EndProject
Project("{FAE04EC0-301F-11D3-BF4B-00C04F79EFBC}") = "SmartMarket.Web", "SmartMarket.Web\SmartMarket.Web.csproj", "{B9660724-7EBD-47D2-B6A2-CC4A2F58EEB4}"
EndProject
Project("{FAE04EC0-301F-11D3-BF4B-00C04F79EFBC}") = "WebApplication1", "WebApplication1\WebApplication1.csproj", "{C6FD7872-7D19-49FF-A119-B3B67B163F7A}"
EndProject
Global
	GlobalSection(SolutionConfigurationPlatforms) = preSolution
		Debug|Any CPU = Debug|Any CPU
		Release|Any CPU = Release|Any CPU
	EndGlobalSection
	GlobalSection(ProjectConfigurationPlatforms) = postSolution
		{A35C761C-532C-41CC-9473-F5CE6BFAC29E}.Debug|Any CPU.ActiveCfg = Debug|Any CPU
		{A35C761C-532C-41CC-9473-F5CE6BFAC29E}.Debug|Any CPU.Build.0 = Debug|Any CPU
		{A35C761C-532C-41CC-9473-F5CE6BFAC29E}.Release|Any CPU.ActiveCfg = Release|Any CPU
		{A35C761C-532C-41CC-9473-F5CE6BFAC29E}.Release|Any CPU.Build.0 = Release|Any CPU
		{B9660724-7EBD-47D2-B6A2-CC4A2F58EEB4}.Debug|Any CPU.ActiveCfg = Debug|Any CPU
		{B9660724-7EBD-47D2-B6A2-CC4A2F58EEB4}.Debug|Any CPU.Build.0 = Debug|Any CPU
		{B9660724-7EBD-47D2-B6A2-CC4A2F58EEB4}.Release|Any CPU.ActiveCfg = Release|Any CPU
		{B9660724-7EBD-47D2-B6A2-CC4A2F58EEB4}.Release|Any CPU.Build.0 = Release|Any CPU
		{C6FD7872-7D19-49FF-A119-B3B67B163F7A}.Debug|Any CPU.ActiveCfg = Debug|Any CPU
		{C6FD7872-7D19-49FF-A119-B3B67B163F7A}.Debug|Any CPU.Build.0 = Debug|Any CPU
		{C6FD7872-7D19-49FF-A119-B3B67B163F7A}.Release|Any CPU.ActiveCfg = Release|Any CPU
		{C6FD7872-7D19-49FF-A119-B3B67B163F7A}.Release|Any CPU.Build.0 = Release|Any CPU
	EndGlobalSection
	GlobalSection(SolutionProperties) = preSolution
		HideSolutionNode = FALSE
	EndGlobalSection
EndGlobal
